// !$*UTF8*$!
{
	archiveVersion = 1;
	classes = {
	};
	objectVersion = 50;
	objects = {

/* Begin PBXBuildFile section */
		EFE3E8392118499E0017D2F3 /* AppDelegate.swift in Sources */ = {isa = PBXBuildFile; fileRef = EFE3E8382118499E0017D2F3 /* AppDelegate.swift */; };
		EFE3E83B2118499E0017D2F3 /* ViewController.swift in Sources */ = {isa = PBXBuildFile; fileRef = EFE3E83A2118499E0017D2F3 /* ViewController.swift */; };
		EFE3E83E2118499E0017D2F3 /* Main.storyboard in Resources */ = {isa = PBXBuildFile; fileRef = EFE3E83C2118499E0017D2F3 /* Main.storyboard */; };
		EFE3E8402118499F0017D2F3 /* Assets.xcassets in Resources */ = {isa = PBXBuildFile; fileRef = EFE3E83F2118499F0017D2F3 /* Assets.xcassets */; };
		EFE3E8432118499F0017D2F3 /* LaunchScreen.storyboard in Resources */ = {isa = PBXBuildFile; fileRef = EFE3E8412118499F0017D2F3 /* LaunchScreen.storyboard */; };
		EFE3E84B21184BB10017D2F3 /* TriangleLoader.swift in Sources */ = {isa = PBXBuildFile; fileRef = EFE3E84A21184BB10017D2F3 /* TriangleLoader.swift */; };
/* End PBXBuildFile section */

/* Begin PBXFileReference section */
		EFE3E8352118499E0017D2F3 /* triangleLoader.app */ = {isa = PBXFileReference; explicitFileType = wrapper.application; includeInIndex = 0; path = triangleLoader.app; sourceTree = BUILT_PRODUCTS_DIR; };
		EFE3E8382118499E0017D2F3 /* AppDelegate.swift */ = {isa = PBXFileReference; lastKnownFileType = sourcecode.swift; path = AppDelegate.swift; sourceTree = "<group>"; };
		EFE3E83A2118499E0017D2F3 /* ViewController.swift */ = {isa = PBXFileReference; lastKnownFileType = sourcecode.swift; path = ViewController.swift; sourceTree = "<group>"; };
		EFE3E83D2118499E0017D2F3 /* Base */ = {isa = PBXFileReference; lastKnownFileType = file.storyboard; name = Base; path = Base.lproj/Main.storyboard; sourceTree = "<group>"; };
		EFE3E83F2118499F0017D2F3 /* Assets.xcassets */ = {isa = PBXFileReference; lastKnownFileType = folder.assetcatalog; path = Assets.xcassets; sourceTree = "<group>"; };
		EFE3E8422118499F0017D2F3 /* Base */ = {isa = PBXFileReference; lastKnownFileType = file.storyboard; name = Base; path = Base.lproj/LaunchScreen.storyboard; sourceTree = "<group>"; };
		EFE3E8442118499F0017D2F3 /* Info.plist */ = {isa = PBXFileReference; lastKnownFileType = text.plist.xml; path = Info.plist; sourceTree = "<group>"; };
		EFE3E84A21184BB10017D2F3 /* TriangleLoader.swift */ = {isa = PBXFileReference; lastKnownFileType = sourcecode.swift; path = TriangleLoader.swift; sourceTree = "<group>"; };
/* End PBXFileReference section */

/* Begin PBXFrameworksBuildPhase section */
		EFE3E8322118499E0017D2F3 /* Frameworks */ = {
			isa = PBXFrameworksBuildPhase;
			buildActionMask = 2147483647;
			files = (
			);
			runOnlyForDeploymentPostprocessing = 0;
		};
/* End PBXFrameworksBuildPhase section */

/* Begin PBXGroup section */
		EFE3E82C2118499E0017D2F3 = {
			isa = PBXGroup;
			children = (
				EFE3E8372118499E0017D2F3 /* triangleLoader */,
				EFE3E8362118499E0017D2F3 /* Products */,
			);
			sourceTree = "<group>";
		};
		EFE3E8362118499E0017D2F3 /* Products */ = {
			isa = PBXGroup;
			children = (
				EFE3E8352118499E0017D2F3 /* triangleLoader.app */,
			);
			name = Products;
			sourceTree = "<group>";
		};
		EFE3E8372118499E0017D2F3 /* triangleLoader */ = {
			isa = PBXGroup;
			children = (
				EFE3E8382118499E0017D2F3 /* AppDelegate.swift */,
				EFE3E83A2118499E0017D2F3 /* ViewController.swift */,
				EFE3E84A21184BB10017D2F3 /* TriangleLoader.swift */,
				EFE3E83C2118499E0017D2F3 /* Main.storyboard */,
				EFE3E83F2118499F0017D2F3 /* Assets.xcassets */,
				EFE3E8412118499F0017D2F3 /* LaunchScreen.storyboard */,
				EFE3E8442118499F0017D2F3 /* Info.plist */,
			);
			path = triangleLoader;
			sourceTree = "<group>";
		};
/* End PBXGroup section */

/* Begin PBXNativeTarget section */
		EFE3E8342118499E0017D2F3 /* triangleLoader */ = {
			isa = PBXNativeTarget;
			buildConfigurationList = EFE3E8472118499F0017D2F3 /* Build configuration list for PBXNativeTarget "triangleLoader" */;
			buildPhases = (
				EFE3E8312118499E0017D2F3 /* Sources */,
				EFE3E8322118499E0017D2F3 /* Frameworks */,
				EFE3E8332118499E0017D2F3 /* Resources */,
			);
			buildRules = (
			);
			dependencies = (
			);
			name = triangleLoader;
			productName = triangleLoader;
			productReference = EFE3E8352118499E0017D2F3 /* triangleLoader.app */;
			productType = "com.apple.product-type.application";
		};
/* End PBXNativeTarget section */

/* Begin PBXProject section */
		EFE3E82D2118499E0017D2F3 /* Project object */ = {
			isa = PBXProject;
			attributes = {
				LastSwiftUpdateCheck = 0940;
				LastUpgradeCheck = 0940;
				ORGANIZATIONNAME = "Pavel Kozlov";
				TargetAttributes = {
					EFE3E8342118499E0017D2F3 = {
						CreatedOnToolsVersion = 9.4.1;
					};
				};
			};
			buildConfigurationList = EFE3E8302118499E0017D2F3 /* Build configuration list for PBXProject "triangleLoader" */;
			compatibilityVersion = "Xcode 9.3";
			developmentRegion = en;
			hasScannedForEncodings = 0;
			knownRegions = (
				en,
				Base,
			);
			mainGroup = EFE3E82C2118499E0017D2F3;
			productRefGroup = EFE3E8362118499E0017D2F3 /* Products */;
			projectDirPath = "";
			projectRoot = "";
			targets = (
				EFE3E8342118499E0017D2F3 /* triangleLoader */,
			);
		};
/* End PBXProject section */

/* Begin PBXResourcesBuildPhase section */
		EFE3E8332118499E0017D2F3 /* Resources */ = {
			isa = PBXResourcesBuildPhase;
			buildActionMask = 2147483647;
			files = (
				EFE3E8432118499F0017D2F3 /* LaunchScreen.storyboard in Resources */,
				EFE3E8402118499F0017D2F3 /* Assets.xcassets in Resources */,
				EFE3E83E2118499E0017D2F3 /* Main.storyboard in Resources */,
			);
			runOnlyForDeploymentPostprocessing = 0;
		};
/* End PBXResourcesBuildPhase section */

/* Begin PBXSourcesBuildPhase section */
		EFE3E8312118499E0017D2F3 /* Sources */ = {
			isa = PBXSourcesBuildPhase;
			buildActionMask = 2147483647;
			files = (
				EFE3E83B2118499E0017D2F3 /* ViewController.swift in Sources */,
				EFE3E84B21184BB10017D2F3 /* TriangleLoader.swift in Sources */,
				EFE3E8392118499E0017D2F3 /* AppDelegate.swift in Sources */,
			);
			runOnlyForDeploymentPostprocessing = 0;
		};
/* End PBXSourcesBuildPhase section */

/* Begin PBXVariantGroup section */
		EFE3E83C2118499E0017D2F3 /* Main.storyboard */ = {
			isa = PBXVariantGroup;
			children = (
				EFE3E83D2118499E0017D2F3 /* Base */,
			);
			name = Main.storyboard;
			sourceTree = "<group>";
		};
		EFE3E8412118499F0017D2F3 /* LaunchScreen.storyboard */ = {
			isa = PBXVariantGroup;
			children = (
				EFE3E8422118499F0017D2F3 /* Base */,
			);
			name = LaunchScreen.storyboard;
			sourceTree = "<group>";
		};
/* End PBXVariantGroup section */

/* Begin XCBuildConfiguration section */
		EFE3E8452118499F0017D2F3 /* Debug */ = {
			isa = XCBuildConfiguration;
			buildSettings = {
				ALWAYS_SEARCH_USER_PATHS = NO;
				CLANG_ANALYZER_NONNULL = YES;
				CLANG_ANALYZER_NUMBER_OBJECT_CONVERSION = YES_AGGRESSIVE;
				CLANG_CXX_LANGUAGE_STANDARD = "gnu++14";
				CLANG_CXX_LIBRARY = "libc++";
				CLANG_ENABLE_MODULES = YES;
				CLANG_ENABLE_OBJC_ARC = YES;
				CLANG_ENABLE_OBJC_WEAK = YES;
				CLANG_WARN_BLOCK_CAPTURE_AUTORELEASING = YES;
				CLANG_WARN_BOOL_CONVERSION = YES;
				CLANG_WARN_COMMA = YES;
				CLANG_WARN_CONSTANT_CONVERSION = YES;
				CLANG_WARN_DEPRECATED_OBJC_IMPLEMENTATIONS = YES;
				CLANG_WARN_DIRECT_OBJC_ISA_USAGE = YES_ERROR;
				CLANG_WARN_DOCUMENTATION_COMMENTS = YES;
				CLANG_WARN_EMPTY_BODY = YES;
				CLANG_WARN_ENUM_CONVERSION = YES;
				CLANG_WARN_INFINITE_RECURSION = YES;
				CLANG_WARN_INT_CONVERSION = YES;
				CLANG_WARN_NON_LITERAL_NULL_CONVERSION = YES;
				CLANG_WARN_OBJC_IMPLICIT_RETAIN_SELF = YES;
				CLANG_WARN_OBJC_LITERAL_CONVERSION = YES;
				CLANG_WARN_OBJC_ROOT_CLASS = YES_ERROR;
				CLANG_WARN_RANGE_LOOP_ANALYSIS = YES;
				CLANG_WARN_STRICT_PROTOTYPES = YES;
				CLANG_WARN_SUSPICIOUS_MOVE = YES;
				CLANG_WARN_UNGUARDED_AVAILABILITY = YES_AGGRESSIVE;
				CLANG_WARN_UNREACHABLE_CODE = YES;
				CLANG_WARN__DUPLICATE_METHOD_MATCH = YES;
				CODE_SIGN_IDENTITY = "iPhone Developer";
				COPY_PHASE_STRIP = NO;
				DEBUG_INFORMATION_FORMAT = dwarf;
				ENABLE_STRICT_OBJC_MSGSEND = YES;
				ENABLE_TESTABILITY = YES;
				GCC_C_LANGUAGE_STANDARD = gnu11;
				GCC_DYNAMIC_NO_PIC = NO;
				GCC_NO_COMMON_BLOCKS = YES;
				GCC_OPTIMIZATION_LEVEL = 0;
				GCC_PREPROCESSOR_DEFINITIONS = (
					"DEBUG=1",
					"$(inherited)",
				);
				GCC_WARN_64_TO_32_BIT_CONVERSION = YES;
				GCC_WARN_ABOUT_RETURN_TYPE = YES_ERROR;
				GCC_WARN_UNDECLARED_SELECTOR = YES;
				GCC_WARN_UNINITIALIZED_AUTOS = YES_AGGRESSIVE;
				GCC_WARN_UNUSED_FUNCTION = YES;
				GCC_WARN_UNUSED_VARIABLE = YES;
				IPHONEOS_DEPLOYMENT_TARGET = 11.4;
				MTL_ENABLE_DEBUG_INFO = YES;
				ONLY_ACTIVE_ARCH = YES;
				SDKROOT = iphoneos;
				SWIFT_ACTIVE_COMPILATION_CONDITIONS = DEBUG;
				SWIFT_OPTIMIZATION_LEVEL = "-Onone";
			};
			name = Debug;
		};
		EFE3E8462118499F0017D2F3 /* Release */ = {
			isa = XCBuildConfiguration;
			buildSettings = {
				ALWAYS_SEARCH_USER_PATHS = NO;
				CLANG_ANALYZER_NONNULL = YES;
				CLANG_ANALYZER_NUMBER_OBJECT_CONVERSION = YES_AGGRESSIVE;
				CLANG_CXX_LANGUAGE_STANDARD = "gnu++14";
				CLANG_CXX_LIBRARY = "libc++";
				CLANG_ENABLE_MODULES = YES;
				CLANG_ENABLE_OBJC_ARC = YES;
				CLANG_ENABLE_OBJC_WEAK = YES;
				CLANG_WARN_BLOCK_CAPTURE_AUTORELEASING = YES;
				CLANG_WARN_BOOL_CONVERSION = YES;
				CLANG_WARN_COMMA = YES;
				CLANG_WARN_CONSTANT_CONVERSION = YES;
				CLANG_WARN_DEPRECATED_OBJC_IMPLEMENTATIONS = YES;
				CLANG_WARN_DIRECT_OBJC_ISA_USAGE = YES_ERROR;
				CLANG_WARN_DOCUMENTATION_COMMENTS = YES;
				CLANG_WARN_EMPTY_BODY = YES;
				CLANG_WARN_ENUM_CONVERSION = YES;
				CLANG_WARN_INFINITE_RECURSION = YES;
				CLANG_WARN_INT_CONVERSION = YES;
				CLANG_WARN_NON_LITERAL_NULL_CONVERSION = YES;
				CLANG_WARN_OBJC_IMPLICIT_RETAIN_SELF = YES;
				CLANG_WARN_OBJC_LITERAL_CONVERSION = YES;
				CLANG_WARN_OBJC_ROOT_CLASS = YES_ERROR;
				CLANG_WARN_RANGE_LOOP_ANALYSIS = YES;
				CLANG_WARN_STRICT_PROTOTYPES = YES;
				CLANG_WARN_SUSPICIOUS_MOVE = YES;
				CLANG_WARN_UNGUARDED_AVAILABILITY = YES_AGGRESSIVE;
				CLANG_WARN_UNREACHABLE_CODE = YES;
				CLANG_WARN__DUPLICATE_METHOD_MATCH = YES;
				CODE_SIGN_IDENTITY = "iPhone Developer";
				COPY_PHASE_STRIP = NO;
				DEBUG_INFORMATION_FORMAT = "dwarf-with-dsym";
				ENABLE_NS_ASSERTIONS = NO;
				ENABLE_STRICT_OBJC_MSGSEND = YES;
				GCC_C_LANGUAGE_STANDARD = gnu11;
				GCC_NO_COMMON_BLOCKS = YES;
				GCC_WARN_64_TO_32_BIT_CONVERSION = YES;
				GCC_WARN_ABOUT_RETURN_TYPE = YES_ERROR;
				GCC_WARN_UNDECLARED_SELECTOR = YES;
				GCC_WARN_UNINITIALIZED_AUTOS = YES_AGGRESSIVE;
				GCC_WARN_UNUSED_FUNCTION = YES;
				GCC_WARN_UNUSED_VARIABLE = YES;
				IPHONEOS_DEPLOYMENT_TARGET = 11.4;
				MTL_ENABLE_DEBUG_INFO = NO;
				SDKROOT = iphoneos;
				SWIFT_COMPILATION_MODE = wholemodule;
				SWIFT_OPTIMIZATION_LEVEL = "-O";
				VALIDATE_PRODUCT = YES;
			};
			name = Release;
		};
		EFE3E8482118499F0017D2F3 /* Debug */ = {
			isa = XCBuildConfiguration;
			buildSettings = {
				ASSETCATALOG_COMPILER_APPICON_NAME = AppIcon;
				CODE_SIGN_STYLE = Automatic;
				DEVELOPMENT_TEAM = NXD7C56LEN;
				INFOPLIST_FILE = triangleLoader/Info.plist;
				LD_RUNPATH_SEARCH_PATHS = (
					"$(inherited)",
					"@executable_path/Frameworks",
				);
				PRODUCT_BUNDLE_IDENTIFIER = com.triangleLoader;
				PRODUCT_NAME = "$(TARGET_NAME)";
				SWIFT_VERSION = 4.0;
				TARGETED_DEVICE_FAMILY = "1,2";
			};
			name = Debug;
		};
		EFE3E8492118499F0017D2F3 /* Release */ = {
			isa = XCBuildConfiguration;
			buildSettings = {
				ASSETCATALOG_COMPILER_APPICON_NAME = AppIcon;
				CODE_SIGN_STYLE = Automatic;
				DEVELOPMENT_TEAM = NXD7C56LEN;
				INFOPLIST_FILE = triangleLoader/Info.plist;
				LD_RUNPATH_SEARCH_PATHS = (
					"$(inherited)",
					"@executable_path/Frameworks",
				);
				PRODUCT_BUNDLE_IDENTIFIER = com.triangleLoader;
				PRODUCT_NAME = "$(TARGET_NAME)";
				SWIFT_VERSION = 4.0;
				TARGETED_DEVICE_FAMILY = "1,2";
			};
			name = Release;
		};
/* End XCBuildConfiguration section */

/* Begin XCConfigurationList section */
		EFE3E8302118499E0017D2F3 /* Build configuration list for PBXProject "triangleLoader" */ = {
			isa = XCConfigurationList;
			buildConfigurations = (
				EFE3E8452118499F0017D2F3 /* Debug */,
				EFE3E8462118499F0017D2F3 /* Release */,
			);
			defaultConfigurationIsVisible = 0;
			defaultConfigurationName = Release;
		};
		EFE3E8472118499F0017D2F3 /* Build configuration list for PBXNativeTarget "triangleLoader" */ = {
			isa = XCConfigurationList;
			buildConfigurations = (
				EFE3E8482118499F0017D2F3 /* Debug */,
				EFE3E8492118499F0017D2F3 /* Release */,
			);
			defaultConfigurationIsVisible = 0;
			defaultConfigurationName = Release;
		};
/* End XCConfigurationList section */
	};
	rootObject = EFE3E82D2118499E0017D2F3 /* Project object */;
}
